{
  "lockfileVersion": 2,
  "configVersion": 1,
  "workspaces": {
    "": {
      "name": "ygo-conformance",
      "dependencies": {
        "lib0": "0.2.99",
        "y-protocols": "1.0.7",
        "yjs": "13.6.30",
      },
    },
  },
  "packages": {
    "isomorphic.js": ["isomorphic.js@0.2.5", "", {}, "sha512-PIeMbHqMt4DnUP3MA/Flc0HElYjMXArsw1qwJZcm9sqR8mq3l8NYizFMty0pWwE/tzIGH3EKK5+jes5mAr85yw=="],

    "lib0": ["lib0@0.2.99", "", { "dependencies": { "isomorphic.js": "^0.2.4" }, "bin": { "0serve": "bin/0serve.js", "0gentesthtml": "bin/gentesthtml.js", "0ecdsa-generate-keypair": "bin/0ecdsa-generate-keypair.js" } }, "sha512-vwztYuUf1uf/1zQxfzRfO5yzfNKhTtgOByCruuiQQxWQXnPb8Itaube5ylofcV0oM0aKal9Mv+S1s1Ky0UYP1w=="],

    "y-protocols": ["y-protocols@1.0.7", "", { "dependencies": { "lib0": "^0.2.85" }, "peerDependencies": { "yjs": "^13.0.0" } }, "sha512-YSVsLoXxO67J6eE/nV4AtFtT3QEotZf5sK5BHxFBXso7VDUT3Tx07IfA6hsu5Q5OmBdMkQVmFZ9QOA7fikWvnw=="],

    "yjs": ["yjs@13.6.30", "", { "dependencies": { "lib0": "^0.2.99" } }, "sha512-vv/9h42eCMC81ZHDFswuu/MKzkl/vyq1BhaNGfHyOonwlG4CJbQF4oiBBJPvfdeCt/PlVDWh7Nov9D34YY09uQ=="],

    "y-protocols/lib0": ["lib0@0.2.119", "", { "dependencies": { "isomorphic.js": "^0.2.4" }, "bin": { "0serve": "bin/0serve.js", "0gentesthtml": "bin/gentesthtml.js", "0ecdsa-generate-keypair": "bin/0ecdsa-generate-keypair.js" } }, "sha512-vh+TiejVy8Xm+hCdnRfn9BthGNvNUZdEXltNjVZL3TzRIKP3s1lnQh8pWd/Q0wCgY0FPAGVVjFF4ZiHUV3LFgA=="],

    "yjs/lib0": ["lib0@0.2.119", "", { "dependencies": { "isomorphic.js": "^0.2.4" }, "bin": { "0serve": "bin/0serve.js", "0gentesthtml": "bin/gentesthtml.js", "0ecdsa-generate-keypair": "bin/0ecdsa-generate-keypair.js" } }, "sha512-vh+TiejVy8Xm+hCdnRfn9BthGNvNUZdEXltNjVZL3TzRIKP3s1lnQh8pWd/Q0wCgY0FPAGVVjFF4ZiHUV3LFgA=="],
  }
}
